
Microsoft Visual Studio Solution File, Format Version 12.00
# Visual Studio 2013
VisualStudioVersion = 12.0.40629.0
MinimumVisualStudioVersion = 10.0.40219.1
Project("{FAE04EC0-301F-11D3-BF4B-00C04F79EFBC}") = "SkillsTest.GZipTest.Core", "SkillsTest.GZipTest.Core\SkillsTest.GZipTest.Core.csproj", "{B9A494B8-8BC3-4D13-959B-ACEE1342FE88}"
EndProject
Project("{FAE04EC0-301F-11D3-BF4B-00C04F79EFBC}") = "SkillsTest.GZipTest.App", "SkillsTest.GZipTest.App\SkillsTest.GZipTest.App.csproj", "{80510902-7347-4E64-ACB3-E467B785AC11}"
EndProject
Global
	GlobalSection(SolutionConfigurationPlatforms) = preSolution
		Debug|Any CPU = Debug|Any CPU
		Release|Any CPU = Release|Any CPU
	EndGlobalSection
	GlobalSection(ProjectConfigurationPlatforms) = postSolution
		{B9A494B8-8BC3-4D13-959B-ACEE1342FE88}.Debug|Any CPU.ActiveCfg = Debug|Any CPU
		{B9A494B8-8BC3-4D13-959B-ACEE1342FE88}.Debug|Any CPU.Build.0 = Debug|Any CPU
		{B9A494B8-8BC3-4D13-959B-ACEE1342FE88}.Release|Any CPU.ActiveCfg = Release|Any CPU
		{B9A494B8-8BC3-4D13-959B-ACEE1342FE88}.Release|Any CPU.Build.0 = Release|Any CPU
		{80510902-7347-4E64-ACB3-E467B785AC11}.Debug|Any CPU.ActiveCfg = Debug|Any CPU
		{80510902-7347-4E64-ACB3-E467B785AC11}.Debug|Any CPU.Build.0 = Debug|Any CPU
		{80510902-7347-4E64-ACB3-E467B785AC11}.Release|Any CPU.ActiveCfg = Release|Any CPU
		{80510902-7347-4E64-ACB3-E467B785AC11}.Release|Any CPU.Build.0 = Release|Any CPU
	EndGlobalSection
	GlobalSection(SolutionProperties) = preSolution
		HideSolutionNode = FALSE
	EndGlobalSection
EndGlobal
